// !$*UTF8*$!
{
	archiveVersion = 1;
	classes = {
	};
	objectVersion = 50;
	objects = {

/* Begin PBXBuildFile section */
		2361DAD622A54B1600D9AFB2 /* AppDelegate.m in Sources */ = {isa = PBXBuildFile; fileRef = 2361DAD522A54B1600D9AFB2 /* AppDelegate.m */; };
		2361DAD922A54B1600D9AFB2 /* ViewController.m in Sources */ = {isa = PBXBuildFile; fileRef = 2361DAD822A54B1600D9AFB2 /* ViewController.m */; };
		2361DADC22A54B1600D9AFB2 /* Main.storyboard in Resources */ = {isa = PBXBuildFile; fileRef = 2361DADA22A54B1600D9AFB2 /* Main.storyboard */; };
		2361DADE22A54B1700D9AFB2 /* Assets.xcassets in Resources */ = {isa = PBXBuildFile; fileRef = 2361DADD22A54B1700D9AFB2 /* Assets.xcassets */; };
		2361DAE122A54B1700D9AFB2 /* LaunchScreen.storyboard in Resources */ = {isa = PBXBuildFile; fileRef = 2361DADF22A54B1700D9AFB2 /* LaunchScreen.storyboard */; };
		2361DAE422A54B1700D9AFB2 /* main.m in Sources */ = {isa = PBXBuildFile; fileRef = 2361DAE322A54B1700D9AFB2 /* main.m */; };
		2361DAEF22A54C3100D9AFB2 /* XDXPreviewView.mm in Sources */ = {isa = PBXBuildFile; fileRef = 2361DAEE22A54C3100D9AFB2 /* XDXPreviewView.mm */; };
		2361DAF522A5546000D9AFB2 /* XDXPreviewNV12Shader.fsh in Resources */ = {isa = PBXBuildFile; fileRef = 2361DAF122A5546000D9AFB2 /* XDXPreviewNV12Shader.fsh */; };
		2361DAF622A5546000D9AFB2 /* XDXPreviewRGBShader.fsh in Resources */ = {isa = PBXBuildFile; fileRef = 2361DAF222A5546000D9AFB2 /* XDXPreviewRGBShader.fsh */; };
		2361DAF722A5546000D9AFB2 /* XDXPreviewRGBShader.vsh in Resources */ = {isa = PBXBuildFile; fileRef = 2361DAF322A5546000D9AFB2 /* XDXPreviewRGBShader.vsh */; };
		2361DAF822A5546000D9AFB2 /* XDXPreviewNV12Shader.vsh in Resources */ = {isa = PBXBuildFile; fileRef = 2361DAF422A5546000D9AFB2 /* XDXPreviewNV12Shader.vsh */; };
		2361DAFC22A5668C00D9AFB2 /* XDXCameraHandler.m in Sources */ = {isa = PBXBuildFile; fileRef = 2361DAFB22A5668C00D9AFB2 /* XDXCameraHandler.m */; };
		2361DAFF22A566B000D9AFB2 /* XDXCameraModel.m in Sources */ = {isa = PBXBuildFile; fileRef = 2361DAFE22A566B000D9AFB2 /* XDXCameraModel.m */; };
/* End PBXBuildFile section */

/* Begin PBXFileReference section */
		2361DAD122A54B1600D9AFB2 /* XDXVideoPreviewProject.app */ = {isa = PBXFileReference; explicitFileType = wrapper.application; includeInIndex = 0; path = XDXVideoPreviewProject.app; sourceTree = BUILT_PRODUCTS_DIR; };
		2361DAD422A54B1600D9AFB2 /* AppDelegate.h */ = {isa = PBXFileReference; lastKnownFileType = sourcecode.c.h; path = AppDelegate.h; sourceTree = "<group>"; };
		2361DAD522A54B1600D9AFB2 /* AppDelegate.m */ = {isa = PBXFileReference; lastKnownFileType = sourcecode.c.objc; path = AppDelegate.m; sourceTree = "<group>"; };
		2361DAD722A54B1600D9AFB2 /* ViewController.h */ = {isa = PBXFileReference; lastKnownFileType = sourcecode.c.h; path = ViewController.h; sourceTree = "<group>"; };
		2361DAD822A54B1600D9AFB2 /* ViewController.m */ = {isa = PBXFileReference; lastKnownFileType = sourcecode.c.objc; path = ViewController.m; sourceTree = "<group>"; };
		2361DADB22A54B1600D9AFB2 /* Base */ = {isa = PBXFileReference; lastKnownFileType = file.storyboard; name = Base; path = Base.lproj/Main.storyboard; sourceTree = "<group>"; };
		2361DADD22A54B1700D9AFB2 /* Assets.xcassets */ = {isa = PBXFileReference; lastKnownFileType = folder.assetcatalog; path = Assets.xcassets; sourceTree = "<group>"; };
		2361DAE022A54B1700D9AFB2 /* Base */ = {isa = PBXFileReference; lastKnownFileType = file.storyboard; name = Base; path = Base.lproj/LaunchScreen.storyboard; sourceTree = "<group>"; };
		2361DAE222A54B1700D9AFB2 /* Info.plist */ = {isa = PBXFileReference; lastKnownFileType = text.plist.xml; path = Info.plist; sourceTree = "<group>"; };
		2361DAE322A54B1700D9AFB2 /* main.m */ = {isa = PBXFileReference; lastKnownFileType = sourcecode.c.objc; path = main.m; sourceTree = "<group>"; };
		2361DAEC22A54C0000D9AFB2 /* log4cplus.h */ = {isa = PBXFileReference; lastKnownFileType = sourcecode.c.h; path = log4cplus.h; sourceTree = "<group>"; };
		2361DAED22A54C3000D9AFB2 /* XDXPreviewView.h */ = {isa = PBXFileReference; lastKnownFileType = sourcecode.c.h; path = XDXPreviewView.h; sourceTree = "<group>"; };
		2361DAEE22A54C3100D9AFB2 /* XDXPreviewView.mm */ = {isa = PBXFileReference; lastKnownFileType = sourcecode.cpp.objcpp; path = XDXPreviewView.mm; sourceTree = "<group>"; };
		2361DAF122A5546000D9AFB2 /* XDXPreviewNV12Shader.fsh */ = {isa = PBXFileReference; fileEncoding = 4; lastKnownFileType = sourcecode.glsl; path = XDXPreviewNV12Shader.fsh; sourceTree = "<group>"; };
		2361DAF222A5546000D9AFB2 /* XDXPreviewRGBShader.fsh */ = {isa = PBXFileReference; fileEncoding = 4; lastKnownFileType = sourcecode.glsl; path = XDXPreviewRGBShader.fsh; sourceTree = "<group>"; };
		2361DAF322A5546000D9AFB2 /* XDXPreviewRGBShader.vsh */ = {isa = PBXFileReference; fileEncoding = 4; lastKnownFileType = sourcecode.glsl; path = XDXPreviewRGBShader.vsh; sourceTree = "<group>"; };
		2361DAF422A5546000D9AFB2 /* XDXPreviewNV12Shader.vsh */ = {isa = PBXFileReference; fileEncoding = 4; lastKnownFileType = sourcecode.glsl; path = XDXPreviewNV12Shader.vsh; sourceTree = "<group>"; };
		2361DAFA22A5668C00D9AFB2 /* XDXCameraHandler.h */ = {isa = PBXFileReference; fileEncoding = 4; lastKnownFileType = sourcecode.c.h; path = XDXCameraHandler.h; sourceTree = "<group>"; };
		2361DAFB22A5668C00D9AFB2 /* XDXCameraHandler.m */ = {isa = PBXFileReference; fileEncoding = 4; lastKnownFileType = sourcecode.c.objc; path = XDXCameraHandler.m; sourceTree = "<group>"; };
		2361DAFD22A566B000D9AFB2 /* XDXCameraModel.h */ = {isa = PBXFileReference; fileEncoding = 4; lastKnownFileType = sourcecode.c.h; path = XDXCameraModel.h; sourceTree = "<group>"; };
		2361DAFE22A566B000D9AFB2 /* XDXCameraModel.m */ = {isa = PBXFileReference; fileEncoding = 4; lastKnownFileType = sourcecode.c.objc; path = XDXCameraModel.m; sourceTree = "<group>"; };
/* End PBXFileReference section */

/* Begin PBXFrameworksBuildPhase section */
		2361DACE22A54B1600D9AFB2 /* Frameworks */ = {
			isa = PBXFrameworksBuildPhase;
			buildActionMask = 2147483647;
			files = (
			);
			runOnlyForDeploymentPostprocessing = 0;
		};
/* End PBXFrameworksBuildPhase section */

/* Begin PBXGroup section */
		2361DAC822A54B1600D9AFB2 = {
			isa = PBXGroup;
			children = (
				2361DAD322A54B1600D9AFB2 /* XDXVideoPreviewProject */,
				2361DAD222A54B1600D9AFB2 /* Products */,
			);
			sourceTree = "<group>";
		};
		2361DAD222A54B1600D9AFB2 /* Products */ = {
			isa = PBXGroup;
			children = (
				2361DAD122A54B1600D9AFB2 /* XDXVideoPreviewProject.app */,
			);
			name = Products;
			sourceTree = "<group>";
		};
		2361DAD322A54B1600D9AFB2 /* XDXVideoPreviewProject */ = {
			isa = PBXGroup;
			children = (
				2361DAF922A5668200D9AFB2 /* Camera */,
				2361DAEB22A54BF900D9AFB2 /* 3rd */,
				2361DAEA22A54BE300D9AFB2 /* Render */,
				2361DAD422A54B1600D9AFB2 /* AppDelegate.h */,
				2361DAD522A54B1600D9AFB2 /* AppDelegate.m */,
				2361DAD722A54B1600D9AFB2 /* ViewController.h */,
				2361DAD822A54B1600D9AFB2 /* ViewController.m */,
				2361DADA22A54B1600D9AFB2 /* Main.storyboard */,
				2361DADD22A54B1700D9AFB2 /* Assets.xcassets */,
				2361DADF22A54B1700D9AFB2 /* LaunchScreen.storyboard */,
				2361DAE222A54B1700D9AFB2 /* Info.plist */,
				2361DAE322A54B1700D9AFB2 /* main.m */,
			);
			path = XDXVideoPreviewProject;
			sourceTree = "<group>";
		};
		2361DAEA22A54BE300D9AFB2 /* Render */ = {
			isa = PBXGroup;
			children = (
				2361DAF022A5544E00D9AFB2 /* resources */,
				2361DAED22A54C3000D9AFB2 /* XDXPreviewView.h */,
				2361DAEE22A54C3100D9AFB2 /* XDXPreviewView.mm */,
			);
			path = Render;
			sourceTree = "<group>";
		};
		2361DAEB22A54BF900D9AFB2 /* 3rd */ = {
			isa = PBXGroup;
			children = (
				2361DAEC22A54C0000D9AFB2 /* log4cplus.h */,
			);
			path = 3rd;
			sourceTree = "<group>";
		};
		2361DAF022A5544E00D9AFB2 /* resources */ = {
			isa = PBXGroup;
			children = (
				2361DAF122A5546000D9AFB2 /* XDXPreviewNV12Shader.fsh */,
				2361DAF422A5546000D9AFB2 /* XDXPreviewNV12Shader.vsh */,
				2361DAF222A5546000D9AFB2 /* XDXPreviewRGBShader.fsh */,
				2361DAF322A5546000D9AFB2 /* XDXPreviewRGBShader.vsh */,
			);
			path = resources;
			sourceTree = "<group>";
		};
		2361DAF922A5668200D9AFB2 /* Camera */ = {
			isa = PBXGroup;
			children = (
				2361DAFA22A5668C00D9AFB2 /* XDXCameraHandler.h */,
				2361DAFB22A5668C00D9AFB2 /* XDXCameraHandler.m */,
				2361DAFD22A566B000D9AFB2 /* XDXCameraModel.h */,
				2361DAFE22A566B000D9AFB2 /* XDXCameraModel.m */,
			);
			path = Camera;
			sourceTree = "<group>";
		};
/* End PBXGroup section */

/* Begin PBXNativeTarget section */
		2361DAD022A54B1600D9AFB2 /* XDXVideoPreviewProject */ = {
			isa = PBXNativeTarget;
			buildConfigurationList = 2361DAE722A54B1700D9AFB2 /* Build configuration list for PBXNativeTarget "XDXVideoPreviewProject" */;
			buildPhases = (
				2361DACD22A54B1600D9AFB2 /* Sources */,
				2361DACE22A54B1600D9AFB2 /* Frameworks */,
				2361DACF22A54B1600D9AFB2 /* Resources */,
			);
			buildRules = (
			);
			dependencies = (
			);
			name = XDXVideoPreviewProject;
			productName = XDXVideoPreviewProject;
			productReference = 2361DAD122A54B1600D9AFB2 /* XDXVideoPreviewProject.app */;
			productType = "com.apple.product-type.application";
		};
/* End PBXNativeTarget section */

/* Begin PBXProject section */
		2361DAC922A54B1600D9AFB2 /* Project object */ = {
			isa = PBXProject;
			attributes = {
				LastUpgradeCheck = 1020;
				ORGANIZATIONNAME = "小东邪";
				TargetAttributes = {
					2361DAD022A54B1600D9AFB2 = {
						CreatedOnToolsVersion = 10.2.1;
					};
				};
			};
			buildConfigurationList = 2361DACC22A54B1600D9AFB2 /* Build configuration list for PBXProject "XDXVideoPreviewProject" */;
			compatibilityVersion = "Xcode 9.3";
			developmentRegion = en;
			hasScannedForEncodings = 0;
			knownRegions = (
				en,
				Base,
			);
			mainGroup = 2361DAC822A54B1600D9AFB2;
			productRefGroup = 2361DAD222A54B1600D9AFB2 /* Products */;
			projectDirPath = "";
			projectRoot = "";
			targets = (
				2361DAD022A54B1600D9AFB2 /* XDXVideoPreviewProject */,
			);
		};
/* End PBXProject section */

/* Begin PBXResourcesBuildPhase section */
		2361DACF22A54B1600D9AFB2 /* Resources */ = {
			isa = PBXResourcesBuildPhase;
			buildActionMask = 2147483647;
			files = (
				2361DAE122A54B1700D9AFB2 /* LaunchScreen.storyboard in Resources */,
				2361DADE22A54B1700D9AFB2 /* Assets.xcassets in Resources */,
				2361DAF822A5546000D9AFB2 /* XDXPreviewNV12Shader.vsh in Resources */,
				2361DAF622A5546000D9AFB2 /* XDXPreviewRGBShader.fsh in Resources */,
				2361DAF722A5546000D9AFB2 /* XDXPreviewRGBShader.vsh in Resources */,
				2361DAF522A5546000D9AFB2 /* XDXPreviewNV12Shader.fsh in Resources */,
				2361DADC22A54B1600D9AFB2 /* Main.storyboard in Resources */,
			);
			runOnlyForDeploymentPostprocessing = 0;
		};
/* End PBXResourcesBuildPhase section */

/* Begin PBXSourcesBuildPhase section */
		2361DACD22A54B1600D9AFB2 /* Sources */ = {
			isa = PBXSourcesBuildPhase;
			buildActionMask = 2147483647;
			files = (
				2361DAEF22A54C3100D9AFB2 /* XDXPreviewView.mm in Sources */,
				2361DAD922A54B1600D9AFB2 /* ViewController.m in Sources */,
				2361DAE422A54B1700D9AFB2 /* main.m in Sources */,
				2361DAFF22A566B000D9AFB2 /* XDXCameraModel.m in Sources */,
				2361DAFC22A5668C00D9AFB2 /* XDXCameraHandler.m in Sources */,
				2361DAD622A54B1600D9AFB2 /* AppDelegate.m in Sources */,
			);
			runOnlyForDeploymentPostprocessing = 0;
		};
/* End PBXSourcesBuildPhase section */

/* Begin PBXVariantGroup section */
		2361DADA22A54B1600D9AFB2 /* Main.storyboard */ = {
			isa = PBXVariantGroup;
			children = (
				2361DADB22A54B1600D9AFB2 /* Base */,
			);
			name = Main.storyboard;
			sourceTree = "<group>";
		};
		2361DADF22A54B1700D9AFB2 /* LaunchScreen.storyboard */ = {
			isa = PBXVariantGroup;
			children = (
				2361DAE022A54B1700D9AFB2 /* Base */,
			);
			name = LaunchScreen.storyboard;
			sourceTree = "<group>";
		};
/* End PBXVariantGroup section */

/* Begin XCBuildConfiguration section */
		2361DAE522A54B1700D9AFB2 /* Debug */ = {
			isa = XCBuildConfiguration;
			buildSettings = {
				ALWAYS_SEARCH_USER_PATHS = NO;
				CLANG_ANALYZER_NONNULL = YES;
				CLANG_ANALYZER_NUMBER_OBJECT_CONVERSION = YES_AGGRESSIVE;
				CLANG_CXX_LANGUAGE_STANDARD = "gnu++14";
				CLANG_CXX_LIBRARY = "libc++";
				CLANG_ENABLE_MODULES = YES;
				CLANG_ENABLE_OBJC_ARC = YES;
				CLANG_ENABLE_OBJC_WEAK = YES;
				CLANG_WARN_BLOCK_CAPTURE_AUTORELEASING = YES;
				CLANG_WARN_BOOL_CONVERSION = YES;
				CLANG_WARN_COMMA = YES;
				CLANG_WARN_CONSTANT_CONVERSION = YES;
				CLANG_WARN_DEPRECATED_OBJC_IMPLEMENTATIONS = YES;
				CLANG_WARN_DIRECT_OBJC_ISA_USAGE = YES_ERROR;
				CLANG_WARN_DOCUMENTATION_COMMENTS = YES;
				CLANG_WARN_EMPTY_BODY = YES;
				CLANG_WARN_ENUM_CONVERSION = YES;
				CLANG_WARN_INFINITE_RECURSION = YES;
				CLANG_WARN_INT_CONVERSION = YES;
				CLANG_WARN_NON_LITERAL_NULL_CONVERSION = YES;
				CLANG_WARN_OBJC_IMPLICIT_RETAIN_SELF = YES;
				CLANG_WARN_OBJC_LITERAL_CONVERSION = YES;
				CLANG_WARN_OBJC_ROOT_CLASS = YES_ERROR;
				CLANG_WARN_RANGE_LOOP_ANALYSIS = YES;
				CLANG_WARN_STRICT_PROTOTYPES = YES;
				CLANG_WARN_SUSPICIOUS_MOVE = YES;
				CLANG_WARN_UNGUARDED_AVAILABILITY = YES_AGGRESSIVE;
				CLANG_WARN_UNREACHABLE_CODE = YES;
				CLANG_WARN__DUPLICATE_METHOD_MATCH = YES;
				CODE_SIGN_IDENTITY = "iPhone Developer";
				COPY_PHASE_STRIP = NO;
				DEBUG_INFORMATION_FORMAT = dwarf;
				ENABLE_STRICT_OBJC_MSGSEND = YES;
				ENABLE_TESTABILITY = YES;
				GCC_C_LANGUAGE_STANDARD = gnu11;
				GCC_DYNAMIC_NO_PIC = NO;
				GCC_NO_COMMON_BLOCKS = YES;
				GCC_OPTIMIZATION_LEVEL = 0;
				GCC_PREPROCESSOR_DEFINITIONS = (
					"DEBUG=1",
					"$(inherited)",
				);
				GCC_WARN_64_TO_32_BIT_CONVERSION = YES;
				GCC_WARN_ABOUT_RETURN_TYPE = YES_ERROR;
				GCC_WARN_UNDECLARED_SELECTOR = YES;
				GCC_WARN_UNINITIALIZED_AUTOS = YES_AGGRESSIVE;
				GCC_WARN_UNUSED_FUNCTION = YES;
				GCC_WARN_UNUSED_VARIABLE = YES;
				IPHONEOS_DEPLOYMENT_TARGET = 10.0;
				MTL_ENABLE_DEBUG_INFO = INCLUDE_SOURCE;
				MTL_FAST_MATH = YES;
				ONLY_ACTIVE_ARCH = YES;
				SDKROOT = iphoneos;
			};
			name = Debug;
		};
		2361DAE622A54B1700D9AFB2 /* Release */ = {
			isa = XCBuildConfiguration;
			buildSettings = {
				ALWAYS_SEARCH_USER_PATHS = NO;
				CLANG_ANALYZER_NONNULL = YES;
				CLANG_ANALYZER_NUMBER_OBJECT_CONVERSION = YES_AGGRESSIVE;
				CLANG_CXX_LANGUAGE_STANDARD = "gnu++14";
				CLANG_CXX_LIBRARY = "libc++";
				CLANG_ENABLE_MODULES = YES;
				CLANG_ENABLE_OBJC_ARC = YES;
				CLANG_ENABLE_OBJC_WEAK = YES;
				CLANG_WARN_BLOCK_CAPTURE_AUTORELEASING = YES;
				CLANG_WARN_BOOL_CONVERSION = YES;
				CLANG_WARN_COMMA = YES;
				CLANG_WARN_CONSTANT_CONVERSION = YES;
				CLANG_WARN_DEPRECATED_OBJC_IMPLEMENTATIONS = YES;
				CLANG_WARN_DIRECT_OBJC_ISA_USAGE = YES_ERROR;
				CLANG_WARN_DOCUMENTATION_COMMENTS = YES;
				CLANG_WARN_EMPTY_BODY = YES;
				CLANG_WARN_ENUM_CONVERSION = YES;
				CLANG_WARN_INFINITE_RECURSION = YES;
				CLANG_WARN_INT_CONVERSION = YES;
				CLANG_WARN_NON_LITERAL_NULL_CONVERSION = YES;
				CLANG_WARN_OBJC_IMPLICIT_RETAIN_SELF = YES;
				CLANG_WARN_OBJC_LITERAL_CONVERSION = YES;
				CLANG_WARN_OBJC_ROOT_CLASS = YES_ERROR;
				CLANG_WARN_RANGE_LOOP_ANALYSIS = YES;
				CLANG_WARN_STRICT_PROTOTYPES = YES;
				CLANG_WARN_SUSPICIOUS_MOVE = YES;
				CLANG_WARN_UNGUARDED_AVAILABILITY = YES_AGGRESSIVE;
				CLANG_WARN_UNREACHABLE_CODE = YES;
				CLANG_WARN__DUPLICATE_METHOD_MATCH = YES;
				CODE_SIGN_IDENTITY = "iPhone Developer";
				COPY_PHASE_STRIP = NO;
				DEBUG_INFORMATION_FORMAT = "dwarf-with-dsym";
				ENABLE_NS_ASSERTIONS = NO;
				ENABLE_STRICT_OBJC_MSGSEND = YES;
				GCC_C_LANGUAGE_STANDARD = gnu11;
				GCC_NO_COMMON_BLOCKS = YES;
				GCC_WARN_64_TO_32_BIT_CONVERSION = YES;
				GCC_WARN_ABOUT_RETURN_TYPE = YES_ERROR;
				GCC_WARN_UNDECLARED_SELECTOR = YES;
				GCC_WARN_UNINITIALIZED_AUTOS = YES_AGGRESSIVE;
				GCC_WARN_UNUSED_FUNCTION = YES;
				GCC_WARN_UNUSED_VARIABLE = YES;
				IPHONEOS_DEPLOYMENT_TARGET = 10.0;
				MTL_ENABLE_DEBUG_INFO = NO;
				MTL_FAST_MATH = YES;
				SDKROOT = iphoneos;
				VALIDATE_PRODUCT = YES;
			};
			name = Release;
		};
		2361DAE822A54B1700D9AFB2 /* Debug */ = {
			isa = XCBuildConfiguration;
			buildSettings = {
				ASSETCATALOG_COMPILER_APPICON_NAME = AppIcon;
				CODE_SIGN_STYLE = Automatic;
				DEVELOPMENT_TEAM = YDEVQQ22JR;
				INFOPLIST_FILE = XDXVideoPreviewProject/Info.plist;
				LD_RUNPATH_SEARCH_PATHS = (
					"$(inherited)",
					"@executable_path/Frameworks",
				);
				PRODUCT_BUNDLE_IDENTIFIER = com.xdx.XDXVideoPreviewProject;
				PRODUCT_NAME = "$(TARGET_NAME)";
				TARGETED_DEVICE_FAMILY = "1,2";
			};
			name = Debug;
		};
		2361DAE922A54B1700D9AFB2 /* Release */ = {
			isa = XCBuildConfiguration;
			buildSettings = {
				ASSETCATALOG_COMPILER_APPICON_NAME = AppIcon;
				CODE_SIGN_STYLE = Automatic;
				DEVELOPMENT_TEAM = YDEVQQ22JR;
				INFOPLIST_FILE = XDXVideoPreviewProject/Info.plist;
				LD_RUNPATH_SEARCH_PATHS = (
					"$(inherited)",
					"@executable_path/Frameworks",
				);
				PRODUCT_BUNDLE_IDENTIFIER = com.xdx.XDXVideoPreviewProject;
				PRODUCT_NAME = "$(TARGET_NAME)";
				TARGETED_DEVICE_FAMILY = "1,2";
			};
			name = Release;
		};
/* End XCBuildConfiguration section */

/* Begin XCConfigurationList section */
		2361DACC22A54B1600D9AFB2 /* Build configuration list for PBXProject "XDXVideoPreviewProject" */ = {
			isa = XCConfigurationList;
			buildConfigurations = (
				2361DAE522A54B1700D9AFB2 /* Debug */,
				2361DAE622A54B1700D9AFB2 /* Release */,
			);
			defaultConfigurationIsVisible = 0;
			defaultConfigurationName = Release;
		};
		2361DAE722A54B1700D9AFB2 /* Build configuration list for PBXNativeTarget "XDXVideoPreviewProject" */ = {
			isa = XCConfigurationList;
			buildConfigurations = (
				2361DAE822A54B1700D9AFB2 /* Debug */,
				2361DAE922A54B1700D9AFB2 /* Release */,
			);
			defaultConfigurationIsVisible = 0;
			defaultConfigurationName = Release;
		};
/* End XCConfigurationList section */
	};
	rootObject = 2361DAC922A54B1600D9AFB2 /* Project object */;
}
